
Microsoft Visual Studio Solution File, Format Version 12.00
# Visual Studio Version 16
VisualStudioVersion = 16.0.29519.87
MinimumVisualStudioVersion = 10.0.40219.1
Project("{9A19103F-16F7-4668-BE54-9A1E7A4F7556}") = "BasicCalculator", "BasicCalculator\BasicCalculator.csproj", "{45CAF77F-17B7-4256-BC98-F963CF4B0068}"
EndProject
Project("{9A19103F-16F7-4668-BE54-9A1E7A4F7556}") = "StatisticCalculator", "StatisticCalculator\StatisticCalculator.csproj", "{4FAF4A5D-6F19-43AB-8C6F-2BC8AA861176}"
EndProject
Project("{9A19103F-16F7-4668-BE54-9A1E7A4F7556}") = "BasicOps", "BasicOps\BasicOps.csproj", "{F96A0059-84D1-46AF-A64B-129CE2C60D16}"
EndProject
Project("{9A19103F-16F7-4668-BE54-9A1E7A4F7556}") = "StatisticOps", "StatisticOps\StatisticOps.csproj", "{988F96EB-12AC-46E1-A4F9-E2C82BE2FB0E}"
EndProject
Project("{9A19103F-16F7-4668-BE54-9A1E7A4F7556}") = "RandomGenerator", "RandomGenerator\RandomGenerator.csproj", "{FE3D14CF-9AE5-4EC2-8A52-BE9A512540CB}"
EndProject
Project("{9A19103F-16F7-4668-BE54-9A1E7A4F7556}") = "RandomGeneratorTests1", "RandomGeneratorTests1\RandomGeneratorTests1.csproj", "{DDF6C79D-2702-43C2-ACFC-2B3B6B61F872}"
EndProject
Project("{FAE04EC0-301F-11D3-BF4B-00C04F79EFBC}") = "BasicOpsTests", "BasicOpsTests\BasicOpsTests.csproj", "{5AAE4525-F325-4B92-B95C-B9D66CD170A0}"
EndProject
Global
	GlobalSection(SolutionConfigurationPlatforms) = preSolution
		Debug|Any CPU = Debug|Any CPU
		Release|Any CPU = Release|Any CPU
	EndGlobalSection
	GlobalSection(ProjectConfigurationPlatforms) = postSolution
		{45CAF77F-17B7-4256-BC98-F963CF4B0068}.Debug|Any CPU.ActiveCfg = Debug|Any CPU
		{45CAF77F-17B7-4256-BC98-F963CF4B0068}.Debug|Any CPU.Build.0 = Debug|Any CPU
		{45CAF77F-17B7-4256-BC98-F963CF4B0068}.Release|Any CPU.ActiveCfg = Release|Any CPU
		{45CAF77F-17B7-4256-BC98-F963CF4B0068}.Release|Any CPU.Build.0 = Release|Any CPU
		{4FAF4A5D-6F19-43AB-8C6F-2BC8AA861176}.Debug|Any CPU.ActiveCfg = Debug|Any CPU
		{4FAF4A5D-6F19-43AB-8C6F-2BC8AA861176}.Debug|Any CPU.Build.0 = Debug|Any CPU
		{4FAF4A5D-6F19-43AB-8C6F-2BC8AA861176}.Release|Any CPU.ActiveCfg = Release|Any CPU
		{4FAF4A5D-6F19-43AB-8C6F-2BC8AA861176}.Release|Any CPU.Build.0 = Release|Any CPU
		{F96A0059-84D1-46AF-A64B-129CE2C60D16}.Debug|Any CPU.ActiveCfg = Debug|Any CPU
		{F96A0059-84D1-46AF-A64B-129CE2C60D16}.Debug|Any CPU.Build.0 = Debug|Any CPU
		{F96A0059-84D1-46AF-A64B-129CE2C60D16}.Release|Any CPU.ActiveCfg = Release|Any CPU
		{F96A0059-84D1-46AF-A64B-129CE2C60D16}.Release|Any CPU.Build.0 = Release|Any CPU
		{988F96EB-12AC-46E1-A4F9-E2C82BE2FB0E}.Debug|Any CPU.ActiveCfg = Debug|Any CPU
		{988F96EB-12AC-46E1-A4F9-E2C82BE2FB0E}.Debug|Any CPU.Build.0 = Debug|Any CPU
		{988F96EB-12AC-46E1-A4F9-E2C82BE2FB0E}.Release|Any CPU.ActiveCfg = Release|Any CPU
		{988F96EB-12AC-46E1-A4F9-E2C82BE2FB0E}.Release|Any CPU.Build.0 = Release|Any CPU
		{FE3D14CF-9AE5-4EC2-8A52-BE9A512540CB}.Debug|Any CPU.ActiveCfg = Debug|Any CPU
		{FE3D14CF-9AE5-4EC2-8A52-BE9A512540CB}.Debug|Any CPU.Build.0 = Debug|Any CPU
		{FE3D14CF-9AE5-4EC2-8A52-BE9A512540CB}.Release|Any CPU.ActiveCfg = Release|Any CPU
		{FE3D14CF-9AE5-4EC2-8A52-BE9A512540CB}.Release|Any CPU.Build.0 = Release|Any CPU
		{DDF6C79D-2702-43C2-ACFC-2B3B6B61F872}.Debug|Any CPU.ActiveCfg = Debug|Any CPU
		{DDF6C79D-2702-43C2-ACFC-2B3B6B61F872}.Debug|Any CPU.Build.0 = Debug|Any CPU
		{DDF6C79D-2702-43C2-ACFC-2B3B6B61F872}.Release|Any CPU.ActiveCfg = Release|Any CPU
		{DDF6C79D-2702-43C2-ACFC-2B3B6B61F872}.Release|Any CPU.Build.0 = Release|Any CPU
		{5AAE4525-F325-4B92-B95C-B9D66CD170A0}.Debug|Any CPU.ActiveCfg = Debug|Any CPU
		{5AAE4525-F325-4B92-B95C-B9D66CD170A0}.Debug|Any CPU.Build.0 = Debug|Any CPU
		{5AAE4525-F325-4B92-B95C-B9D66CD170A0}.Release|Any CPU.ActiveCfg = Release|Any CPU
		{5AAE4525-F325-4B92-B95C-B9D66CD170A0}.Release|Any CPU.Build.0 = Release|Any CPU
	EndGlobalSection
	GlobalSection(SolutionProperties) = preSolution
		HideSolutionNode = FALSE
	EndGlobalSection
	GlobalSection(ExtensibilityGlobals) = postSolution
		SolutionGuid = {823CC832-7DF9-4DBD-B3CB-CE7FECC45213}
	EndGlobalSection
EndGlobal
